
Microsoft Visual Studio Solution File, Format Version 12.00
# Visual Studio Version 17
VisualStudioVersion = 17.4.33110.190
MinimumVisualStudioVersion = 10.0.40219.1
Project("{9A19103F-16F7-4668-BE54-9A1E7A4F7556}") = "Jt.Cms", "Jt.Cms\Jt.Cms.csproj", "{233D3F22-DE3F-426F-AE2A-6FE0FDBBA9DD}"
EndProject
Project("{9A19103F-16F7-4668-BE54-9A1E7A4F7556}") = "Jt.Cms.Core", "Jt.Cms.Core\Jt.Cms.Core.csproj", "{B0CE153D-10DF-4303-8835-1045645ABC92}"
EndProject
Project("{9A19103F-16F7-4668-BE54-9A1E7A4F7556}") = "Jt.Cms.Data", "Jt.Cms.Data\Jt.Cms.Data.csproj", "{1F329097-4A55-477B-A809-144EAF53182B}"
EndProject
Project("{9A19103F-16F7-4668-BE54-9A1E7A4F7556}") = "Jt.Cms.Lib", "Jt.Cms.Lib\Jt.Cms.Lib.csproj", "{296DF28C-E395-416E-8A84-8645B8BB714E}"
EndProject
Project("{9A19103F-16F7-4668-BE54-9A1E7A4F7556}") = "Jt.Cms.Service", "Jt.Cms.Service\Jt.Cms.Service.csproj", "{9EE2BEAD-0326-46A3-AFE1-370918D73383}"
EndProject
Global
	GlobalSection(SolutionConfigurationPlatforms) = preSolution
		Debug|Any CPU = Debug|Any CPU
		Release|Any CPU = Release|Any CPU
	EndGlobalSection
	GlobalSection(ProjectConfigurationPlatforms) = postSolution
		{233D3F22-DE3F-426F-AE2A-6FE0FDBBA9DD}.Debug|Any CPU.ActiveCfg = Debug|Any CPU
		{233D3F22-DE3F-426F-AE2A-6FE0FDBBA9DD}.Debug|Any CPU.Build.0 = Debug|Any CPU
		{233D3F22-DE3F-426F-AE2A-6FE0FDBBA9DD}.Release|Any CPU.ActiveCfg = Release|Any CPU
		{233D3F22-DE3F-426F-AE2A-6FE0FDBBA9DD}.Release|Any CPU.Build.0 = Release|Any CPU
		{B0CE153D-10DF-4303-8835-1045645ABC92}.Debug|Any CPU.ActiveCfg = Debug|Any CPU
		{B0CE153D-10DF-4303-8835-1045645ABC92}.Debug|Any CPU.Build.0 = Debug|Any CPU
		{B0CE153D-10DF-4303-8835-1045645ABC92}.Release|Any CPU.ActiveCfg = Release|Any CPU
		{B0CE153D-10DF-4303-8835-1045645ABC92}.Release|Any CPU.Build.0 = Release|Any CPU
		{1F329097-4A55-477B-A809-144EAF53182B}.Debug|Any CPU.ActiveCfg = Debug|Any CPU
		{1F329097-4A55-477B-A809-144EAF53182B}.Debug|Any CPU.Build.0 = Debug|Any CPU
		{1F329097-4A55-477B-A809-144EAF53182B}.Release|Any CPU.ActiveCfg = Release|Any CPU
		{1F329097-4A55-477B-A809-144EAF53182B}.Release|Any CPU.Build.0 = Release|Any CPU
		{296DF28C-E395-416E-8A84-8645B8BB714E}.Debug|Any CPU.ActiveCfg = Debug|Any CPU
		{296DF28C-E395-416E-8A84-8645B8BB714E}.Debug|Any CPU.Build.0 = Debug|Any CPU
		{296DF28C-E395-416E-8A84-8645B8BB714E}.Release|Any CPU.ActiveCfg = Release|Any CPU
		{296DF28C-E395-416E-8A84-8645B8BB714E}.Release|Any CPU.Build.0 = Release|Any CPU
		{9EE2BEAD-0326-46A3-AFE1-370918D73383}.Debug|Any CPU.ActiveCfg = Debug|Any CPU
		{9EE2BEAD-0326-46A3-AFE1-370918D73383}.Debug|Any CPU.Build.0 = Debug|Any CPU
		{9EE2BEAD-0326-46A3-AFE1-370918D73383}.Release|Any CPU.ActiveCfg = Release|Any CPU
		{9EE2BEAD-0326-46A3-AFE1-370918D73383}.Release|Any CPU.Build.0 = Release|Any CPU
	EndGlobalSection
	GlobalSection(SolutionProperties) = preSolution
		HideSolutionNode = FALSE
	EndGlobalSection
	GlobalSection(ExtensibilityGlobals) = postSolution
		SolutionGuid = {BC13C709-F04C-41B8-BB42-F841FEAFE50D}
	EndGlobalSection
EndGlobal
