
Microsoft Visual Studio Solution File, Format Version 12.00
# Visual Studio Version 17
VisualStudioVersion = 17.4.33110.190
MinimumVisualStudioVersion = 10.0.40219.1
Project("{FAE04EC0-301F-11D3-BF4B-00C04F79EFBC}") = "Jt.Cms", "Jt.Cms\Jt.Cms.csproj", "{53ACF4CE-2064-4D51-9CDC-F9385883EE04}"
EndProject
Project("{FAE04EC0-301F-11D3-BF4B-00C04F79EFBC}") = "Jt.Cms.Core", "Jt.Cms.Core\Jt.Cms.Core.csproj", "{A541DB4E-2162-458F-A4A8-F6E5957DA5B0}"
EndProject
Project("{FAE04EC0-301F-11D3-BF4B-00C04F79EFBC}") = "Jt.Cms.Data", "Jt.Cms.Data\Jt.Cms.Data.csproj", "{D4FDA60B-8FFD-4C71-BA23-A37BCA5991B3}"
EndProject
Project("{FAE04EC0-301F-11D3-BF4B-00C04F79EFBC}") = "Jt.Cms.Lib", "Jt.Cms.Lib\Jt.Cms.Lib.csproj", "{7B8C50DA-E991-4736-BD35-1A9913DFA8CE}"
EndProject
Project("{FAE04EC0-301F-11D3-BF4B-00C04F79EFBC}") = "Jt.Cms.Service", "Jt.Cms.Service\Jt.Cms.Service.csproj", "{DA770D8A-C50C-4E3D-8E09-D6A4E6EFE94F}"
EndProject
Global
	GlobalSection(SolutionProperties) = preSolution
		HideSolutionNode = FALSE
	EndGlobalSection
	GlobalSection(ExtensibilityGlobals) = postSolution
		SolutionGuid = {BC13C709-F04C-41B8-BB42-F841FEAFE50D}
	EndGlobalSection
	GlobalSection(SolutionConfigurationPlatforms) = preSolution
		Debug|Any CPU = Debug|Any CPU
		Debug|x64 = Debug|x64
		Debug|x86 = Debug|x86
		Release|Any CPU = Release|Any CPU
		Release|x64 = Release|x64
		Release|x86 = Release|x86
	EndGlobalSection
	GlobalSection(ProjectConfigurationPlatforms) = postSolution
		{53ACF4CE-2064-4D51-9CDC-F9385883EE04}.Debug|Any CPU.ActiveCfg = Debug|Any CPU
		{53ACF4CE-2064-4D51-9CDC-F9385883EE04}.Debug|Any CPU.Build.0 = Debug|Any CPU
		{53ACF4CE-2064-4D51-9CDC-F9385883EE04}.Debug|x64.ActiveCfg = Debug|Any CPU
		{53ACF4CE-2064-4D51-9CDC-F9385883EE04}.Debug|x64.Build.0 = Debug|Any CPU
		{53ACF4CE-2064-4D51-9CDC-F9385883EE04}.Debug|x86.ActiveCfg = Debug|Any CPU
		{53ACF4CE-2064-4D51-9CDC-F9385883EE04}.Debug|x86.Build.0 = Debug|Any CPU
		{53ACF4CE-2064-4D51-9CDC-F9385883EE04}.Release|Any CPU.ActiveCfg = Release|Any CPU
		{53ACF4CE-2064-4D51-9CDC-F9385883EE04}.Release|Any CPU.Build.0 = Release|Any CPU
		{53ACF4CE-2064-4D51-9CDC-F9385883EE04}.Release|x64.ActiveCfg = Release|Any CPU
		{53ACF4CE-2064-4D51-9CDC-F9385883EE04}.Release|x64.Build.0 = Release|Any CPU
		{53ACF4CE-2064-4D51-9CDC-F9385883EE04}.Release|x86.ActiveCfg = Release|Any CPU
		{53ACF4CE-2064-4D51-9CDC-F9385883EE04}.Release|x86.Build.0 = Release|Any CPU
		{A541DB4E-2162-458F-A4A8-F6E5957DA5B0}.Debug|Any CPU.ActiveCfg = Debug|Any CPU
		{A541DB4E-2162-458F-A4A8-F6E5957DA5B0}.Debug|Any CPU.Build.0 = Debug|Any CPU
		{A541DB4E-2162-458F-A4A8-F6E5957DA5B0}.Debug|x64.ActiveCfg = Debug|Any CPU
		{A541DB4E-2162-458F-A4A8-F6E5957DA5B0}.Debug|x64.Build.0 = Debug|Any CPU
		{A541DB4E-2162-458F-A4A8-F6E5957DA5B0}.Debug|x86.ActiveCfg = Debug|Any CPU
		{A541DB4E-2162-458F-A4A8-F6E5957DA5B0}.Debug|x86.Build.0 = Debug|Any CPU
		{A541DB4E-2162-458F-A4A8-F6E5957DA5B0}.Release|Any CPU.ActiveCfg = Release|Any CPU
		{A541DB4E-2162-458F-A4A8-F6E5957DA5B0}.Release|Any CPU.Build.0 = Release|Any CPU
		{A541DB4E-2162-458F-A4A8-F6E5957DA5B0}.Release|x64.ActiveCfg = Release|Any CPU
		{A541DB4E-2162-458F-A4A8-F6E5957DA5B0}.Release|x64.Build.0 = Release|Any CPU
		{A541DB4E-2162-458F-A4A8-F6E5957DA5B0}.Release|x86.ActiveCfg = Release|Any CPU
		{A541DB4E-2162-458F-A4A8-F6E5957DA5B0}.Release|x86.Build.0 = Release|Any CPU
		{D4FDA60B-8FFD-4C71-BA23-A37BCA5991B3}.Debug|Any CPU.ActiveCfg = Debug|Any CPU
		{D4FDA60B-8FFD-4C71-BA23-A37BCA5991B3}.Debug|Any CPU.Build.0 = Debug|Any CPU
		{D4FDA60B-8FFD-4C71-BA23-A37BCA5991B3}.Debug|x64.ActiveCfg = Debug|Any CPU
		{D4FDA60B-8FFD-4C71-BA23-A37BCA5991B3}.Debug|x64.Build.0 = Debug|Any CPU
		{D4FDA60B-8FFD-4C71-BA23-A37BCA5991B3}.Debug|x86.ActiveCfg = Debug|Any CPU
		{D4FDA60B-8FFD-4C71-BA23-A37BCA5991B3}.Debug|x86.Build.0 = Debug|Any CPU
		{D4FDA60B-8FFD-4C71-BA23-A37BCA5991B3}.Release|Any CPU.ActiveCfg = Release|Any CPU
		{D4FDA60B-8FFD-4C71-BA23-A37BCA5991B3}.Release|Any CPU.Build.0 = Release|Any CPU
		{D4FDA60B-8FFD-4C71-BA23-A37BCA5991B3}.Release|x64.ActiveCfg = Release|Any CPU
		{D4FDA60B-8FFD-4C71-BA23-A37BCA5991B3}.Release|x64.Build.0 = Release|Any CPU
		{D4FDA60B-8FFD-4C71-BA23-A37BCA5991B3}.Release|x86.ActiveCfg = Release|Any CPU
		{D4FDA60B-8FFD-4C71-BA23-A37BCA5991B3}.Release|x86.Build.0 = Release|Any CPU
		{7B8C50DA-E991-4736-BD35-1A9913DFA8CE}.Debug|Any CPU.ActiveCfg = Debug|Any CPU
		{7B8C50DA-E991-4736-BD35-1A9913DFA8CE}.Debug|Any CPU.Build.0 = Debug|Any CPU
		{7B8C50DA-E991-4736-BD35-1A9913DFA8CE}.Debug|x64.ActiveCfg = Debug|Any CPU
		{7B8C50DA-E991-4736-BD35-1A9913DFA8CE}.Debug|x64.Build.0 = Debug|Any CPU
		{7B8C50DA-E991-4736-BD35-1A9913DFA8CE}.Debug|x86.ActiveCfg = Debug|Any CPU
		{7B8C50DA-E991-4736-BD35-1A9913DFA8CE}.Debug|x86.Build.0 = Debug|Any CPU
		{7B8C50DA-E991-4736-BD35-1A9913DFA8CE}.Release|Any CPU.ActiveCfg = Release|Any CPU
		{7B8C50DA-E991-4736-BD35-1A9913DFA8CE}.Release|Any CPU.Build.0 = Release|Any CPU
		{7B8C50DA-E991-4736-BD35-1A9913DFA8CE}.Release|x64.ActiveCfg = Release|Any CPU
		{7B8C50DA-E991-4736-BD35-1A9913DFA8CE}.Release|x64.Build.0 = Release|Any CPU
		{7B8C50DA-E991-4736-BD35-1A9913DFA8CE}.Release|x86.ActiveCfg = Release|Any CPU
		{7B8C50DA-E991-4736-BD35-1A9913DFA8CE}.Release|x86.Build.0 = Release|Any CPU
		{DA770D8A-C50C-4E3D-8E09-D6A4E6EFE94F}.Debug|Any CPU.ActiveCfg = Debug|Any CPU
		{DA770D8A-C50C-4E3D-8E09-D6A4E6EFE94F}.Debug|Any CPU.Build.0 = Debug|Any CPU
		{DA770D8A-C50C-4E3D-8E09-D6A4E6EFE94F}.Debug|x64.ActiveCfg = Debug|Any CPU
		{DA770D8A-C50C-4E3D-8E09-D6A4E6EFE94F}.Debug|x64.Build.0 = Debug|Any CPU
		{DA770D8A-C50C-4E3D-8E09-D6A4E6EFE94F}.Debug|x86.ActiveCfg = Debug|Any CPU
		{DA770D8A-C50C-4E3D-8E09-D6A4E6EFE94F}.Debug|x86.Build.0 = Debug|Any CPU
		{DA770D8A-C50C-4E3D-8E09-D6A4E6EFE94F}.Release|Any CPU.ActiveCfg = Release|Any CPU
		{DA770D8A-C50C-4E3D-8E09-D6A4E6EFE94F}.Release|Any CPU.Build.0 = Release|Any CPU
		{DA770D8A-C50C-4E3D-8E09-D6A4E6EFE94F}.Release|x64.ActiveCfg = Release|Any CPU
		{DA770D8A-C50C-4E3D-8E09-D6A4E6EFE94F}.Release|x64.Build.0 = Release|Any CPU
		{DA770D8A-C50C-4E3D-8E09-D6A4E6EFE94F}.Release|x86.ActiveCfg = Release|Any CPU
		{DA770D8A-C50C-4E3D-8E09-D6A4E6EFE94F}.Release|x86.Build.0 = Release|Any CPU
	EndGlobalSection
EndGlobal
