
Microsoft Visual Studio Solution File, Format Version 12.00
# Visual Studio Version 17
VisualStudioVersion = 17.4.33110.190
MinimumVisualStudioVersion = 10.0.40219.1
Project("{9A19103F-16F7-4668-BE54-9A1E7A4F7556}") = "Jt.SingleService", "Jt.SingleService\Jt.SingleService.csproj", "{F972CBF4-D086-4FAF-B0E2-7D94080D1C7A}"
EndProject
Project("{FAE04EC0-301F-11D3-BF4B-00C04F79EFBC}") = "Jt.SingleService.Core", "Jt.SingleService.Core\Jt.SingleService.Core.csproj", "{7682884F-C156-4623-8417-4E9BCBC268C5}"
EndProject
Project("{FAE04EC0-301F-11D3-BF4B-00C04F79EFBC}") = "Jt.SingleService.Data", "Jt.SingleService.Data\Jt.SingleService.Data.csproj", "{737B26CF-3513-4109-AD51-9147466F8452}"
EndProject
Project("{FAE04EC0-301F-11D3-BF4B-00C04F79EFBC}") = "Jt.SingleService.Service", "Jt.SingleService.Service\Jt.SingleService.Service.csproj", "{98412230-F22D-4B73-861B-308E0FE093B7}"
EndProject
Global
	GlobalSection(SolutionConfigurationPlatforms) = preSolution
		Debug|Any CPU = Debug|Any CPU
		Release|Any CPU = Release|Any CPU
	EndGlobalSection
	GlobalSection(ProjectConfigurationPlatforms) = postSolution
		{F972CBF4-D086-4FAF-B0E2-7D94080D1C7A}.Debug|Any CPU.ActiveCfg = Debug|Any CPU
		{F972CBF4-D086-4FAF-B0E2-7D94080D1C7A}.Debug|Any CPU.Build.0 = Debug|Any CPU
		{F972CBF4-D086-4FAF-B0E2-7D94080D1C7A}.Release|Any CPU.ActiveCfg = Release|Any CPU
		{F972CBF4-D086-4FAF-B0E2-7D94080D1C7A}.Release|Any CPU.Build.0 = Release|Any CPU
		{7682884F-C156-4623-8417-4E9BCBC268C5}.Debug|Any CPU.ActiveCfg = Debug|Any CPU
		{7682884F-C156-4623-8417-4E9BCBC268C5}.Debug|Any CPU.Build.0 = Debug|Any CPU
		{7682884F-C156-4623-8417-4E9BCBC268C5}.Release|Any CPU.ActiveCfg = Release|Any CPU
		{7682884F-C156-4623-8417-4E9BCBC268C5}.Release|Any CPU.Build.0 = Release|Any CPU
		{737B26CF-3513-4109-AD51-9147466F8452}.Debug|Any CPU.ActiveCfg = Debug|Any CPU
		{737B26CF-3513-4109-AD51-9147466F8452}.Debug|Any CPU.Build.0 = Debug|Any CPU
		{737B26CF-3513-4109-AD51-9147466F8452}.Release|Any CPU.ActiveCfg = Release|Any CPU
		{737B26CF-3513-4109-AD51-9147466F8452}.Release|Any CPU.Build.0 = Release|Any CPU
		{98412230-F22D-4B73-861B-308E0FE093B7}.Debug|Any CPU.ActiveCfg = Debug|Any CPU
		{98412230-F22D-4B73-861B-308E0FE093B7}.Debug|Any CPU.Build.0 = Debug|Any CPU
		{98412230-F22D-4B73-861B-308E0FE093B7}.Release|Any CPU.ActiveCfg = Release|Any CPU
		{98412230-F22D-4B73-861B-308E0FE093B7}.Release|Any CPU.Build.0 = Release|Any CPU
	EndGlobalSection
	GlobalSection(SolutionProperties) = preSolution
		HideSolutionNode = FALSE
	EndGlobalSection
	GlobalSection(ExtensibilityGlobals) = postSolution
		SolutionGuid = {BC13C709-F04C-41B8-BB42-F841FEAFE50D}
	EndGlobalSection
EndGlobal
