
Microsoft Visual Studio Solution File, Format Version 12.00
# Visual Studio Version 17
VisualStudioVersion = 17.4.33110.190
MinimumVisualStudioVersion = 10.0.40219.1
Project("{FAE04EC0-301F-11D3-BF4B-00C04F79EFBC}") = "Jt.SingleService", "Jt.SingleService\Jt.SingleService.csproj", "{6AA7817D-246D-4F89-9403-954E18B95E8A}"
EndProject
Project("{FAE04EC0-301F-11D3-BF4B-00C04F79EFBC}") = "Jt.SingleService.Core", "Jt.SingleService.Core\Jt.SingleService.Core.csproj", "{915FCA05-A31C-4340-A66D-D01C2929BE01}"
EndProject
Project("{FAE04EC0-301F-11D3-BF4B-00C04F79EFBC}") = "Jt.SingleService.Data", "Jt.SingleService.Data\Jt.SingleService.Data.csproj", "{4234CF8A-F735-4AFB-B1D8-F221DEAB17C1}"
EndProject
Project("{FAE04EC0-301F-11D3-BF4B-00C04F79EFBC}") = "Jt.SingleService.Lib", "Jt.SingleService.Lib\Jt.SingleService.Lib.csproj", "{957D3430-FB6B-41D6-B65E-4CAEBCC338EA}"
EndProject
Project("{FAE04EC0-301F-11D3-BF4B-00C04F79EFBC}") = "Jt.SingleService.Service", "Jt.SingleService.Service\Jt.SingleService.Service.csproj", "{FC8A0609-7EC7-4EA5-A7D7-30F98AC988BA}"
EndProject
Global
	GlobalSection(SolutionProperties) = preSolution
		HideSolutionNode = FALSE
	EndGlobalSection
	GlobalSection(ExtensibilityGlobals) = postSolution
		SolutionGuid = {BC13C709-F04C-41B8-BB42-F841FEAFE50D}
	EndGlobalSection
	GlobalSection(SolutionConfigurationPlatforms) = preSolution
		Debug|Any CPU = Debug|Any CPU
		Debug|x64 = Debug|x64
		Debug|x86 = Debug|x86
		Release|Any CPU = Release|Any CPU
		Release|x64 = Release|x64
		Release|x86 = Release|x86
	EndGlobalSection
	GlobalSection(ProjectConfigurationPlatforms) = postSolution
		{6AA7817D-246D-4F89-9403-954E18B95E8A}.Debug|Any CPU.ActiveCfg = Debug|Any CPU
		{6AA7817D-246D-4F89-9403-954E18B95E8A}.Debug|Any CPU.Build.0 = Debug|Any CPU
		{6AA7817D-246D-4F89-9403-954E18B95E8A}.Debug|x64.ActiveCfg = Debug|Any CPU
		{6AA7817D-246D-4F89-9403-954E18B95E8A}.Debug|x64.Build.0 = Debug|Any CPU
		{6AA7817D-246D-4F89-9403-954E18B95E8A}.Debug|x86.ActiveCfg = Debug|Any CPU
		{6AA7817D-246D-4F89-9403-954E18B95E8A}.Debug|x86.Build.0 = Debug|Any CPU
		{6AA7817D-246D-4F89-9403-954E18B95E8A}.Release|Any CPU.ActiveCfg = Release|Any CPU
		{6AA7817D-246D-4F89-9403-954E18B95E8A}.Release|Any CPU.Build.0 = Release|Any CPU
		{6AA7817D-246D-4F89-9403-954E18B95E8A}.Release|x64.ActiveCfg = Release|Any CPU
		{6AA7817D-246D-4F89-9403-954E18B95E8A}.Release|x64.Build.0 = Release|Any CPU
		{6AA7817D-246D-4F89-9403-954E18B95E8A}.Release|x86.ActiveCfg = Release|Any CPU
		{6AA7817D-246D-4F89-9403-954E18B95E8A}.Release|x86.Build.0 = Release|Any CPU
		{915FCA05-A31C-4340-A66D-D01C2929BE01}.Debug|Any CPU.ActiveCfg = Debug|Any CPU
		{915FCA05-A31C-4340-A66D-D01C2929BE01}.Debug|Any CPU.Build.0 = Debug|Any CPU
		{915FCA05-A31C-4340-A66D-D01C2929BE01}.Debug|x64.ActiveCfg = Debug|Any CPU
		{915FCA05-A31C-4340-A66D-D01C2929BE01}.Debug|x64.Build.0 = Debug|Any CPU
		{915FCA05-A31C-4340-A66D-D01C2929BE01}.Debug|x86.ActiveCfg = Debug|Any CPU
		{915FCA05-A31C-4340-A66D-D01C2929BE01}.Debug|x86.Build.0 = Debug|Any CPU
		{915FCA05-A31C-4340-A66D-D01C2929BE01}.Release|Any CPU.ActiveCfg = Release|Any CPU
		{915FCA05-A31C-4340-A66D-D01C2929BE01}.Release|Any CPU.Build.0 = Release|Any CPU
		{915FCA05-A31C-4340-A66D-D01C2929BE01}.Release|x64.ActiveCfg = Release|Any CPU
		{915FCA05-A31C-4340-A66D-D01C2929BE01}.Release|x64.Build.0 = Release|Any CPU
		{915FCA05-A31C-4340-A66D-D01C2929BE01}.Release|x86.ActiveCfg = Release|Any CPU
		{915FCA05-A31C-4340-A66D-D01C2929BE01}.Release|x86.Build.0 = Release|Any CPU
		{4234CF8A-F735-4AFB-B1D8-F221DEAB17C1}.Debug|Any CPU.ActiveCfg = Debug|Any CPU
		{4234CF8A-F735-4AFB-B1D8-F221DEAB17C1}.Debug|Any CPU.Build.0 = Debug|Any CPU
		{4234CF8A-F735-4AFB-B1D8-F221DEAB17C1}.Debug|x64.ActiveCfg = Debug|Any CPU
		{4234CF8A-F735-4AFB-B1D8-F221DEAB17C1}.Debug|x64.Build.0 = Debug|Any CPU
		{4234CF8A-F735-4AFB-B1D8-F221DEAB17C1}.Debug|x86.ActiveCfg = Debug|Any CPU
		{4234CF8A-F735-4AFB-B1D8-F221DEAB17C1}.Debug|x86.Build.0 = Debug|Any CPU
		{4234CF8A-F735-4AFB-B1D8-F221DEAB17C1}.Release|Any CPU.ActiveCfg = Release|Any CPU
		{4234CF8A-F735-4AFB-B1D8-F221DEAB17C1}.Release|Any CPU.Build.0 = Release|Any CPU
		{4234CF8A-F735-4AFB-B1D8-F221DEAB17C1}.Release|x64.ActiveCfg = Release|Any CPU
		{4234CF8A-F735-4AFB-B1D8-F221DEAB17C1}.Release|x64.Build.0 = Release|Any CPU
		{4234CF8A-F735-4AFB-B1D8-F221DEAB17C1}.Release|x86.ActiveCfg = Release|Any CPU
		{4234CF8A-F735-4AFB-B1D8-F221DEAB17C1}.Release|x86.Build.0 = Release|Any CPU
		{957D3430-FB6B-41D6-B65E-4CAEBCC338EA}.Debug|Any CPU.ActiveCfg = Debug|Any CPU
		{957D3430-FB6B-41D6-B65E-4CAEBCC338EA}.Debug|Any CPU.Build.0 = Debug|Any CPU
		{957D3430-FB6B-41D6-B65E-4CAEBCC338EA}.Debug|x64.ActiveCfg = Debug|Any CPU
		{957D3430-FB6B-41D6-B65E-4CAEBCC338EA}.Debug|x64.Build.0 = Debug|Any CPU
		{957D3430-FB6B-41D6-B65E-4CAEBCC338EA}.Debug|x86.ActiveCfg = Debug|Any CPU
		{957D3430-FB6B-41D6-B65E-4CAEBCC338EA}.Debug|x86.Build.0 = Debug|Any CPU
		{957D3430-FB6B-41D6-B65E-4CAEBCC338EA}.Release|Any CPU.ActiveCfg = Release|Any CPU
		{957D3430-FB6B-41D6-B65E-4CAEBCC338EA}.Release|Any CPU.Build.0 = Release|Any CPU
		{957D3430-FB6B-41D6-B65E-4CAEBCC338EA}.Release|x64.ActiveCfg = Release|Any CPU
		{957D3430-FB6B-41D6-B65E-4CAEBCC338EA}.Release|x64.Build.0 = Release|Any CPU
		{957D3430-FB6B-41D6-B65E-4CAEBCC338EA}.Release|x86.ActiveCfg = Release|Any CPU
		{957D3430-FB6B-41D6-B65E-4CAEBCC338EA}.Release|x86.Build.0 = Release|Any CPU
		{FC8A0609-7EC7-4EA5-A7D7-30F98AC988BA}.Debug|Any CPU.ActiveCfg = Debug|Any CPU
		{FC8A0609-7EC7-4EA5-A7D7-30F98AC988BA}.Debug|Any CPU.Build.0 = Debug|Any CPU
		{FC8A0609-7EC7-4EA5-A7D7-30F98AC988BA}.Debug|x64.ActiveCfg = Debug|Any CPU
		{FC8A0609-7EC7-4EA5-A7D7-30F98AC988BA}.Debug|x64.Build.0 = Debug|Any CPU
		{FC8A0609-7EC7-4EA5-A7D7-30F98AC988BA}.Debug|x86.ActiveCfg = Debug|Any CPU
		{FC8A0609-7EC7-4EA5-A7D7-30F98AC988BA}.Debug|x86.Build.0 = Debug|Any CPU
		{FC8A0609-7EC7-4EA5-A7D7-30F98AC988BA}.Release|Any CPU.ActiveCfg = Release|Any CPU
		{FC8A0609-7EC7-4EA5-A7D7-30F98AC988BA}.Release|Any CPU.Build.0 = Release|Any CPU
		{FC8A0609-7EC7-4EA5-A7D7-30F98AC988BA}.Release|x64.ActiveCfg = Release|Any CPU
		{FC8A0609-7EC7-4EA5-A7D7-30F98AC988BA}.Release|x64.Build.0 = Release|Any CPU
		{FC8A0609-7EC7-4EA5-A7D7-30F98AC988BA}.Release|x86.ActiveCfg = Release|Any CPU
		{FC8A0609-7EC7-4EA5-A7D7-30F98AC988BA}.Release|x86.Build.0 = Release|Any CPU
	EndGlobalSection
EndGlobal
